
Microsoft Visual Studio Solution File, Format Version 12.00
# Visual Studio Version 17
VisualStudioVersion = 17.3.32929.385
MinimumVisualStudioVersion = 10.0.40219.1
Project("{FAE04EC0-301F-11D3-BF4B-00C04F79EFBC}") = "ElSalto_GUI", "ElSalto_GUI\ElSalto_GUI.csproj", "{91C0C12C-8A2A-459D-964B-7F1EB7610073}"
EndProject
Project("{FAE04EC0-301F-11D3-BF4B-00C04F79EFBC}") = "ElSalto_NEGOCIO", "ElSalto_NEGOCIO\ElSalto_NEGOCIO.csproj", "{6FFCBCD5-D440-4AAB-936A-B513343606ED}"
EndProject
Project("{FAE04EC0-301F-11D3-BF4B-00C04F79EFBC}") = "ElSalto_DALC", "ElSalto_DALC\ElSalto_DALC.csproj", "{A8169A6F-33E9-4DB6-BCCC-CEA84DB0E9D9}"
EndProject
Project("{54435603-DBB4-11D2-8724-00A0C9A8B90C}") = "SetupPlanta", "SetupPlanta\SetupPlanta.vdproj", "{3533E89C-964C-4271-B2DA-FA9E9F6755CA}"
EndProject
Global
	GlobalSection(SolutionConfigurationPlatforms) = preSolution
		Debug|Any CPU = Debug|Any CPU
		Release|Any CPU = Release|Any CPU
	EndGlobalSection
	GlobalSection(ProjectConfigurationPlatforms) = postSolution
		{91C0C12C-8A2A-459D-964B-7F1EB7610073}.Debug|Any CPU.ActiveCfg = Debug|Any CPU
		{91C0C12C-8A2A-459D-964B-7F1EB7610073}.Debug|Any CPU.Build.0 = Debug|Any CPU
		{91C0C12C-8A2A-459D-964B-7F1EB7610073}.Release|Any CPU.ActiveCfg = Release|Any CPU
		{91C0C12C-8A2A-459D-964B-7F1EB7610073}.Release|Any CPU.Build.0 = Release|Any CPU
		{6FFCBCD5-D440-4AAB-936A-B513343606ED}.Debug|Any CPU.ActiveCfg = Debug|Any CPU
		{6FFCBCD5-D440-4AAB-936A-B513343606ED}.Debug|Any CPU.Build.0 = Debug|Any CPU
		{6FFCBCD5-D440-4AAB-936A-B513343606ED}.Release|Any CPU.ActiveCfg = Release|Any CPU
		{6FFCBCD5-D440-4AAB-936A-B513343606ED}.Release|Any CPU.Build.0 = Release|Any CPU
		{A8169A6F-33E9-4DB6-BCCC-CEA84DB0E9D9}.Debug|Any CPU.ActiveCfg = Debug|Any CPU
		{A8169A6F-33E9-4DB6-BCCC-CEA84DB0E9D9}.Debug|Any CPU.Build.0 = Debug|Any CPU
		{A8169A6F-33E9-4DB6-BCCC-CEA84DB0E9D9}.Release|Any CPU.ActiveCfg = Release|Any CPU
		{A8169A6F-33E9-4DB6-BCCC-CEA84DB0E9D9}.Release|Any CPU.Build.0 = Release|Any CPU
		{3533E89C-964C-4271-B2DA-FA9E9F6755CA}.Debug|Any CPU.ActiveCfg = Debug
		{3533E89C-964C-4271-B2DA-FA9E9F6755CA}.Release|Any CPU.ActiveCfg = Release
	EndGlobalSection
	GlobalSection(SolutionProperties) = preSolution
		HideSolutionNode = FALSE
	EndGlobalSection
	GlobalSection(ExtensibilityGlobals) = postSolution
		SolutionGuid = {24B93948-6B82-4544-A2CF-F589915D8DEA}
	EndGlobalSection
EndGlobal
